
Microsoft Visual Studio Solution File, Format Version 12.00
# Visual Studio Version 16
VisualStudioVersion = 16.0.31515.178
MinimumVisualStudioVersion = 10.0.40219.1
Project("{FAE04EC0-301F-11D3-BF4B-00C04F79EFBC}") = "s1ejercicios", "s1ejercicios\s1ejercicios.csproj", "{8DFE8432-FF05-4C6F-AB0B-9609765F1A96}"
EndProject
Global
	GlobalSection(SolutionConfigurationPlatforms) = preSolution
		Debug|Any CPU = Debug|Any CPU
		Release|Any CPU = Release|Any CPU
	EndGlobalSection
	GlobalSection(ProjectConfigurationPlatforms) = postSolution
		{8DFE8432-FF05-4C6F-AB0B-9609765F1A96}.Debug|Any CPU.ActiveCfg = Debug|Any CPU
		{8DFE8432-FF05-4C6F-AB0B-9609765F1A96}.Debug|Any CPU.Build.0 = Debug|Any CPU
		{8DFE8432-FF05-4C6F-AB0B-9609765F1A96}.Release|Any CPU.ActiveCfg = Release|Any CPU
		{8DFE8432-FF05-4C6F-AB0B-9609765F1A96}.Release|Any CPU.Build.0 = Release|Any CPU
	EndGlobalSection
	GlobalSection(SolutionProperties) = preSolution
		HideSolutionNode = FALSE
	EndGlobalSection
	GlobalSection(ExtensibilityGlobals) = postSolution
		SolutionGuid = {C8CBE0FC-8155-4A64-BADB-DCC1CDFF99FA}
	EndGlobalSection
EndGlobal
